
Microsoft Visual Studio Solution File, Format Version 12.00
# Visual Studio Version 17
VisualStudioVersion = 17.9.34607.119
MinimumVisualStudioVersion = 10.0.40219.1
Project("{FAE04EC0-301F-11D3-BF4B-00C04F79EFBC}") = "FullscreenUtility", "FullscreenUtility\FullscreenUtility.csproj", "{ADBA12B8-9D83-4BB2-A3AE-85F71E3EF810}"
EndProject
Global
	GlobalSection(SolutionConfigurationPlatforms) = preSolution
		Debug|Any CPU = Debug|Any CPU
		Release|Any CPU = Release|Any CPU
	EndGlobalSection
	GlobalSection(ProjectConfigurationPlatforms) = postSolution
		{ADBA12B8-9D83-4BB2-A3AE-85F71E3EF810}.Debug|Any CPU.ActiveCfg = Debug|Any CPU
		{ADBA12B8-9D83-4BB2-A3AE-85F71E3EF810}.Debug|Any CPU.Build.0 = Debug|Any CPU
		{ADBA12B8-9D83-4BB2-A3AE-85F71E3EF810}.Release|Any CPU.ActiveCfg = Release|Any CPU
		{ADBA12B8-9D83-4BB2-A3AE-85F71E3EF810}.Release|Any CPU.Build.0 = Release|Any CPU
	EndGlobalSection
	GlobalSection(SolutionProperties) = preSolution
		HideSolutionNode = FALSE
	EndGlobalSection
	GlobalSection(ExtensibilityGlobals) = postSolution
		SolutionGuid = {888CF47C-B9FA-4BD8-B6D0-E5F593EEA058}
	EndGlobalSection
EndGlobal
